
Microsoft Visual Studio Solution File, Format Version 12.00
# Visual Studio 15
VisualStudioVersion = 15.0.26430.13
MinimumVisualStudioVersion = 10.0.40219.1
Project("{FAE04EC0-301F-11D3-BF4B-00C04F79EFBC}") = "MusicusUniversalDesktop", "MusicusUniversalDesktop\MusicusUniversalDesktop.csproj", "{A410772B-6422-425B-B5AC-A7A9C97922FF}"
EndProject
Project("{FAE04EC0-301F-11D3-BF4B-00C04F79EFBC}") = "Musicus.Core", "Musicus.Core\Musicus.Core.csproj", "{261BBA2B-715B-4E10-8C8E-A1E507DCF2E3}"
EndProject
Project("{FAE04EC0-301F-11D3-BF4B-00C04F79EFBC}") = "Musicus.Core.WinRt", "Musicus.Core.WinRt\Musicus.Core.WinRt.csproj", "{D3779844-EE6E-43E6-BCE3-54A635833322}"
EndProject
Project("{FAE04EC0-301F-11D3-BF4B-00C04F79EFBC}") = "Musicus.Data", "Musicus.Data\Musicus.Data.csproj", "{CC5C85D9-0D1A-45DB-9C27-0478800FBEF4}"
EndProject
Project("{FAE04EC0-301F-11D3-BF4B-00C04F79EFBC}") = "Musicus.Data.Collection", "Musicus.Data.Collection\Musicus.Data.Collection.csproj", "{CBD90450-CF3B-4C59-97DC-6F0E2D717683}"
EndProject
Project("{FAE04EC0-301F-11D3-BF4B-00C04F79EFBC}") = "Musicus.BackgroundPlayer", "Musicus.BackgroundPlayer\Musicus.BackgroundPlayer.csproj", "{9C182431-ED52-4016-8B72-43FB27CC832A}"
EndProject
Global
	GlobalSection(SolutionConfigurationPlatforms) = preSolution
		Debug|Any CPU = Debug|Any CPU
		Debug|ARM = Debug|ARM
		Debug|x64 = Debug|x64
		Debug|x86 = Debug|x86
		Release|Any CPU = Release|Any CPU
		Release|ARM = Release|ARM
		Release|x64 = Release|x64
		Release|x86 = Release|x86
	EndGlobalSection
	GlobalSection(ProjectConfigurationPlatforms) = postSolution
		{A410772B-6422-425B-B5AC-A7A9C97922FF}.Debug|Any CPU.ActiveCfg = Debug|x64
		{A410772B-6422-425B-B5AC-A7A9C97922FF}.Debug|Any CPU.Build.0 = Debug|x64
		{A410772B-6422-425B-B5AC-A7A9C97922FF}.Debug|Any CPU.Deploy.0 = Debug|x64
		{A410772B-6422-425B-B5AC-A7A9C97922FF}.Debug|ARM.ActiveCfg = Debug|x64
		{A410772B-6422-425B-B5AC-A7A9C97922FF}.Debug|ARM.Build.0 = Debug|x64
		{A410772B-6422-425B-B5AC-A7A9C97922FF}.Debug|ARM.Deploy.0 = Debug|x64
		{A410772B-6422-425B-B5AC-A7A9C97922FF}.Debug|x64.ActiveCfg = Debug|x64
		{A410772B-6422-425B-B5AC-A7A9C97922FF}.Debug|x64.Build.0 = Debug|x64
		{A410772B-6422-425B-B5AC-A7A9C97922FF}.Debug|x64.Deploy.0 = Debug|x64
		{A410772B-6422-425B-B5AC-A7A9C97922FF}.Debug|x86.ActiveCfg = Debug|x64
		{A410772B-6422-425B-B5AC-A7A9C97922FF}.Debug|x86.Build.0 = Debug|x64
		{A410772B-6422-425B-B5AC-A7A9C97922FF}.Debug|x86.Deploy.0 = Debug|x64
		{A410772B-6422-425B-B5AC-A7A9C97922FF}.Release|Any CPU.ActiveCfg = Release|x64
		{A410772B-6422-425B-B5AC-A7A9C97922FF}.Release|Any CPU.Build.0 = Release|x64
		{A410772B-6422-425B-B5AC-A7A9C97922FF}.Release|Any CPU.Deploy.0 = Release|x64
		{A410772B-6422-425B-B5AC-A7A9C97922FF}.Release|ARM.ActiveCfg = Release|ARM
		{A410772B-6422-425B-B5AC-A7A9C97922FF}.Release|ARM.Build.0 = Release|ARM
		{A410772B-6422-425B-B5AC-A7A9C97922FF}.Release|ARM.Deploy.0 = Release|ARM
		{A410772B-6422-425B-B5AC-A7A9C97922FF}.Release|x64.ActiveCfg = Release|x64
		{A410772B-6422-425B-B5AC-A7A9C97922FF}.Release|x64.Build.0 = Release|x64
		{A410772B-6422-425B-B5AC-A7A9C97922FF}.Release|x64.Deploy.0 = Release|x64
		{A410772B-6422-425B-B5AC-A7A9C97922FF}.Release|x86.ActiveCfg = Release|x86
		{A410772B-6422-425B-B5AC-A7A9C97922FF}.Release|x86.Build.0 = Release|x86
		{A410772B-6422-425B-B5AC-A7A9C97922FF}.Release|x86.Deploy.0 = Release|x86
		{261BBA2B-715B-4E10-8C8E-A1E507DCF2E3}.Debug|Any CPU.ActiveCfg = Debug|Any CPU
		{261BBA2B-715B-4E10-8C8E-A1E507DCF2E3}.Debug|Any CPU.Build.0 = Debug|Any CPU
		{261BBA2B-715B-4E10-8C8E-A1E507DCF2E3}.Debug|ARM.ActiveCfg = Debug|Any CPU
		{261BBA2B-715B-4E10-8C8E-A1E507DCF2E3}.Debug|ARM.Build.0 = Debug|Any CPU
		{261BBA2B-715B-4E10-8C8E-A1E507DCF2E3}.Debug|x64.ActiveCfg = Debug|x64
		{261BBA2B-715B-4E10-8C8E-A1E507DCF2E3}.Debug|x64.Build.0 = Debug|x64
		{261BBA2B-715B-4E10-8C8E-A1E507DCF2E3}.Debug|x86.ActiveCfg = Debug|Any CPU
		{261BBA2B-715B-4E10-8C8E-A1E507DCF2E3}.Debug|x86.Build.0 = Debug|Any CPU
		{261BBA2B-715B-4E10-8C8E-A1E507DCF2E3}.Release|Any CPU.ActiveCfg = Release|Any CPU
		{261BBA2B-715B-4E10-8C8E-A1E507DCF2E3}.Release|Any CPU.Build.0 = Release|Any CPU
		{261BBA2B-715B-4E10-8C8E-A1E507DCF2E3}.Release|ARM.ActiveCfg = Release|ARM
		{261BBA2B-715B-4E10-8C8E-A1E507DCF2E3}.Release|ARM.Build.0 = Release|ARM
		{261BBA2B-715B-4E10-8C8E-A1E507DCF2E3}.Release|x64.ActiveCfg = Release|x64
		{261BBA2B-715B-4E10-8C8E-A1E507DCF2E3}.Release|x64.Build.0 = Release|x64
		{261BBA2B-715B-4E10-8C8E-A1E507DCF2E3}.Release|x86.ActiveCfg = Release|x86
		{261BBA2B-715B-4E10-8C8E-A1E507DCF2E3}.Release|x86.Build.0 = Release|x86
		{D3779844-EE6E-43E6-BCE3-54A635833322}.Debug|Any CPU.ActiveCfg = Debug|Any CPU
		{D3779844-EE6E-43E6-BCE3-54A635833322}.Debug|Any CPU.Build.0 = Debug|Any CPU
		{D3779844-EE6E-43E6-BCE3-54A635833322}.Debug|ARM.ActiveCfg = Debug|Any CPU
		{D3779844-EE6E-43E6-BCE3-54A635833322}.Debug|ARM.Build.0 = Debug|Any CPU
		{D3779844-EE6E-43E6-BCE3-54A635833322}.Debug|x64.ActiveCfg = Debug|x64
		{D3779844-EE6E-43E6-BCE3-54A635833322}.Debug|x64.Build.0 = Debug|x64
		{D3779844-EE6E-43E6-BCE3-54A635833322}.Debug|x86.ActiveCfg = Debug|Any CPU
		{D3779844-EE6E-43E6-BCE3-54A635833322}.Debug|x86.Build.0 = Debug|Any CPU
		{D3779844-EE6E-43E6-BCE3-54A635833322}.Release|Any CPU.ActiveCfg = Release|Any CPU
		{D3779844-EE6E-43E6-BCE3-54A635833322}.Release|Any CPU.Build.0 = Release|Any CPU
		{D3779844-EE6E-43E6-BCE3-54A635833322}.Release|ARM.ActiveCfg = Release|ARM
		{D3779844-EE6E-43E6-BCE3-54A635833322}.Release|ARM.Build.0 = Release|ARM
		{D3779844-EE6E-43E6-BCE3-54A635833322}.Release|x64.ActiveCfg = Release|x64
		{D3779844-EE6E-43E6-BCE3-54A635833322}.Release|x64.Build.0 = Release|x64
		{D3779844-EE6E-43E6-BCE3-54A635833322}.Release|x86.ActiveCfg = Release|x86
		{D3779844-EE6E-43E6-BCE3-54A635833322}.Release|x86.Build.0 = Release|x86
		{CC5C85D9-0D1A-45DB-9C27-0478800FBEF4}.Debug|Any CPU.ActiveCfg = Debug|Any CPU
		{CC5C85D9-0D1A-45DB-9C27-0478800FBEF4}.Debug|Any CPU.Build.0 = Debug|Any CPU
		{CC5C85D9-0D1A-45DB-9C27-0478800FBEF4}.Debug|ARM.ActiveCfg = Debug|Any CPU
		{CC5C85D9-0D1A-45DB-9C27-0478800FBEF4}.Debug|ARM.Build.0 = Debug|Any CPU
		{CC5C85D9-0D1A-45DB-9C27-0478800FBEF4}.Debug|x64.ActiveCfg = Debug|x64
		{CC5C85D9-0D1A-45DB-9C27-0478800FBEF4}.Debug|x64.Build.0 = Debug|x64
		{CC5C85D9-0D1A-45DB-9C27-0478800FBEF4}.Debug|x86.ActiveCfg = Debug|Any CPU
		{CC5C85D9-0D1A-45DB-9C27-0478800FBEF4}.Debug|x86.Build.0 = Debug|Any CPU
		{CC5C85D9-0D1A-45DB-9C27-0478800FBEF4}.Release|Any CPU.ActiveCfg = Release|Any CPU
		{CC5C85D9-0D1A-45DB-9C27-0478800FBEF4}.Release|Any CPU.Build.0 = Release|Any CPU
		{CC5C85D9-0D1A-45DB-9C27-0478800FBEF4}.Release|ARM.ActiveCfg = Release|ARM
		{CC5C85D9-0D1A-45DB-9C27-0478800FBEF4}.Release|ARM.Build.0 = Release|ARM
		{CC5C85D9-0D1A-45DB-9C27-0478800FBEF4}.Release|x64.ActiveCfg = Release|x64
		{CC5C85D9-0D1A-45DB-9C27-0478800FBEF4}.Release|x64.Build.0 = Release|x64
		{CC5C85D9-0D1A-45DB-9C27-0478800FBEF4}.Release|x86.ActiveCfg = Release|x86
		{CC5C85D9-0D1A-45DB-9C27-0478800FBEF4}.Release|x86.Build.0 = Release|x86
		{CBD90450-CF3B-4C59-97DC-6F0E2D717683}.Debug|Any CPU.ActiveCfg = Debug|Any CPU
		{CBD90450-CF3B-4C59-97DC-6F0E2D717683}.Debug|Any CPU.Build.0 = Debug|Any CPU
		{CBD90450-CF3B-4C59-97DC-6F0E2D717683}.Debug|ARM.ActiveCfg = Debug|Any CPU
		{CBD90450-CF3B-4C59-97DC-6F0E2D717683}.Debug|ARM.Build.0 = Debug|Any CPU
		{CBD90450-CF3B-4C59-97DC-6F0E2D717683}.Debug|x64.ActiveCfg = Debug|x64
		{CBD90450-CF3B-4C59-97DC-6F0E2D717683}.Debug|x64.Build.0 = Debug|x64
		{CBD90450-CF3B-4C59-97DC-6F0E2D717683}.Debug|x86.ActiveCfg = Debug|Any CPU
		{CBD90450-CF3B-4C59-97DC-6F0E2D717683}.Debug|x86.Build.0 = Debug|Any CPU
		{CBD90450-CF3B-4C59-97DC-6F0E2D717683}.Release|Any CPU.ActiveCfg = Release|Any CPU
		{CBD90450-CF3B-4C59-97DC-6F0E2D717683}.Release|Any CPU.Build.0 = Release|Any CPU
		{CBD90450-CF3B-4C59-97DC-6F0E2D717683}.Release|ARM.ActiveCfg = Release|ARM
		{CBD90450-CF3B-4C59-97DC-6F0E2D717683}.Release|ARM.Build.0 = Release|ARM
		{CBD90450-CF3B-4C59-97DC-6F0E2D717683}.Release|x64.ActiveCfg = Release|x64
		{CBD90450-CF3B-4C59-97DC-6F0E2D717683}.Release|x64.Build.0 = Release|x64
		{CBD90450-CF3B-4C59-97DC-6F0E2D717683}.Release|x86.ActiveCfg = Release|x86
		{CBD90450-CF3B-4C59-97DC-6F0E2D717683}.Release|x86.Build.0 = Release|x86
		{9C182431-ED52-4016-8B72-43FB27CC832A}.Debug|Any CPU.ActiveCfg = Debug|Any CPU
		{9C182431-ED52-4016-8B72-43FB27CC832A}.Debug|Any CPU.Build.0 = Debug|Any CPU
		{9C182431-ED52-4016-8B72-43FB27CC832A}.Debug|ARM.ActiveCfg = Debug|Any CPU
		{9C182431-ED52-4016-8B72-43FB27CC832A}.Debug|ARM.Build.0 = Debug|Any CPU
		{9C182431-ED52-4016-8B72-43FB27CC832A}.Debug|x64.ActiveCfg = Debug|x64
		{9C182431-ED52-4016-8B72-43FB27CC832A}.Debug|x64.Build.0 = Debug|x64
		{9C182431-ED52-4016-8B72-43FB27CC832A}.Debug|x86.ActiveCfg = Release|Any CPU
		{9C182431-ED52-4016-8B72-43FB27CC832A}.Debug|x86.Build.0 = Release|Any CPU
		{9C182431-ED52-4016-8B72-43FB27CC832A}.Release|Any CPU.ActiveCfg = Release|Any CPU
		{9C182431-ED52-4016-8B72-43FB27CC832A}.Release|Any CPU.Build.0 = Release|Any CPU
		{9C182431-ED52-4016-8B72-43FB27CC832A}.Release|ARM.ActiveCfg = Release|ARM
		{9C182431-ED52-4016-8B72-43FB27CC832A}.Release|ARM.Build.0 = Release|ARM
		{9C182431-ED52-4016-8B72-43FB27CC832A}.Release|x64.ActiveCfg = Release|x64
		{9C182431-ED52-4016-8B72-43FB27CC832A}.Release|x64.Build.0 = Release|x64
		{9C182431-ED52-4016-8B72-43FB27CC832A}.Release|x86.ActiveCfg = Release|x86
		{9C182431-ED52-4016-8B72-43FB27CC832A}.Release|x86.Build.0 = Release|x86
	EndGlobalSection
	GlobalSection(SolutionProperties) = preSolution
		HideSolutionNode = FALSE
	EndGlobalSection
EndGlobal
